{
  "name": "test-girish",
  "version": "1.0.0",
  "lockfileVersion": 2,
  "requires": true,
  "packages": {
    "": {
      "name": "test-girish",
      "version": "1.0.0",
      "license": "ISC",
      "dependencies": {
        "test-girish": "^1.0.0"
      }
    },
    "node_modules/test-girish": {
      "version": "1.0.0",
      "resolved": "https://registry.npmjs.org/test-girish/-/test-girish-1.0.0.tgz",
      "integrity": "sha512-CL9S+boHplgqxcUGKkZekhMgg5clLRLqETLtaoAsKI7wzF6emiqJcSy5NGAV666b8sSrilsAvSUAqwBzVybCaw=="
    }
  },
  "dependencies": {
    "test-girish": {
      "version": "1.0.0",
      "resolved": "https://registry.npmjs.org/test-girish/-/test-girish-1.0.0.tgz",
      "integrity": "sha512-CL9S+boHplgqxcUGKkZekhMgg5clLRLqETLtaoAsKI7wzF6emiqJcSy5NGAV666b8sSrilsAvSUAqwBzVybCaw=="
    }
  }
}
